
Microsoft Visual Studio Solution File, Format Version 12.00
# Visual Studio Version 17
VisualStudioVersion = 17.13.35931.197
MinimumVisualStudioVersion = 10.0.40219.1
Project("{8BC9CEB8-8B4A-11D0-8D11-00A0C91BC942}") = "Laboratorna1", "Laboratorna1\Laboratorna1.vcxproj", "{ADCF2661-5D6E-47B3-BC46-DC70D9836867}"
EndProject
Project("{8BC9CEB8-8B4A-11D0-8D11-00A0C91BC942}") = "Laboratorna2", "Laboratorna2\Laboratorna2.vcxproj", "{3B908C5D-6B64-47CA-A315-E291E5989411}"
EndProject
Project("{8BC9CEB8-8B4A-11D0-8D11-00A0C91BC942}") = "Laboratorna3", "Laboratorna3\Laboratorna3.vcxproj", "{D50C3BB9-C719-434B-8387-26C14BAFF4B9}"
EndProject
Project("{8BC9CEB8-8B4A-11D0-8D11-00A0C91BC942}") = "Laboratorna4", "Laboratorna4\Laboratorna4.vcxproj", "{571F7302-3CBC-432B-949C-8A077979C996}"
EndProject
Project("{8BC9CEB8-8B4A-11D0-8D11-00A0C91BC942}") = "Laboratorna5", "Laboratorna5\Laboratorna5.vcxproj", "{730551E4-95C6-4CA5-BB23-B1F3E740898D}"
EndProject
Project("{8BC9CEB8-8B4A-11D0-8D11-00A0C91BC942}") = "Laboratorna6", "Laboratorna6\Laboratorna6.vcxproj", "{E198263A-AED7-4860-9DBA-CB0987C67B81}"
EndProject
Project("{8BC9CEB8-8B4A-11D0-8D11-00A0C91BC942}") = "Laboratorna7", "Laboratorna7\Laboratorna7.vcxproj", "{279870ED-81DD-4B5F-A71F-48A4670DC562}"
EndProject
Project("{8BC9CEB8-8B4A-11D0-8D11-00A0C91BC942}") = "Laboratorna8", "Laboratorna8\Laboratorna8.vcxproj", "{A2357E25-B066-439B-AE6E-4CD8E342A86C}"
EndProject
Project("{8BC9CEB8-8B4A-11D0-8D11-00A0C91BC942}") = "Laboratorna9", "Laboratorna9\Laboratorna9.vcxproj", "{B8624046-770F-4EC5-A656-EA542E72B858}"
EndProject
Project("{8BC9CEB8-8B4A-11D0-8D11-00A0C91BC942}") = "Laboratorna10", "Laboratorna10\Laboratorna10.vcxproj", "{4E1AF272-B388-4730-B6DF-442A9BB01A3F}"
EndProject
Project("{8BC9CEB8-8B4A-11D0-8D11-00A0C91BC942}") = "Laboratorna11", "Laboratorna11\Laboratorna11.vcxproj", "{CFA6604D-ADB8-4CCB-BB0D-3A84D0DD8304}"
EndProject
Project("{8BC9CEB8-8B4A-11D0-8D11-00A0C91BC942}") = "Laboratorna12", "Laboratorna12\Laboratorna12.vcxproj", "{B84E6148-271C-4108-91C2-54261F39D696}"
EndProject
Project("{8BC9CEB8-8B4A-11D0-8D11-00A0C91BC942}") = "Laboratorna13", "Laboratorna13\Laboratorna13.vcxproj", "{27AA82CB-EE39-4A57-B6A1-B470133699D0}"
EndProject
Project("{8BC9CEB8-8B4A-11D0-8D11-00A0C91BC942}") = "Laboratorna14", "Laboratorna14\Laboratorna14.vcxproj", "{9515BB3B-2C62-464C-83BF-9C4EBD9D3E81}"
EndProject
Project("{8BC9CEB8-8B4A-11D0-8D11-00A0C91BC942}") = "Laboratorna15", "Laboratorna15\Laboratorna15.vcxproj", "{8655BCA4-DC92-42A8-9BF3-0559DE805E79}"
EndProject
Project("{8BC9CEB8-8B4A-11D0-8D11-00A0C91BC942}") = "Laboratorna16", "Laboratorna16\Laboratorna16.vcxproj", "{23D49591-9C77-429C-817D-AEB7F5FA25AF}"
EndProject
Project("{8BC9CEB8-8B4A-11D0-8D11-00A0C91BC942}") = "Laboratorna17", "Laboratorna17\Laboratorna17.vcxproj", "{82D8411F-5CD0-49B2-B8A8-DC356E29EE07}"
EndProject
Project("{8BC9CEB8-8B4A-11D0-8D11-00A0C91BC942}") = "Laboratorna18", "Laboratorna18\Laboratorna18.vcxproj", "{A0CE149E-A01F-4C24-B5DC-A834CD255ACF}"
EndProject
Project("{8BC9CEB8-8B4A-11D0-8D11-00A0C91BC942}") = "Laboratorna19", "Laboratorna19\Laboratorna19.vcxproj", "{BE69B495-55A9-49DB-B13E-8BFB1B7EE463}"
EndProject
Global
	GlobalSection(SolutionConfigurationPlatforms) = preSolution
		Debug|x64 = Debug|x64
		Debug|x86 = Debug|x86
		Release|x64 = Release|x64
		Release|x86 = Release|x86
	EndGlobalSection
	GlobalSection(ProjectConfigurationPlatforms) = postSolution
		{ADCF2661-5D6E-47B3-BC46-DC70D9836867}.Debug|x64.ActiveCfg = Debug|x64
		{ADCF2661-5D6E-47B3-BC46-DC70D9836867}.Debug|x64.Build.0 = Debug|x64
		{ADCF2661-5D6E-47B3-BC46-DC70D9836867}.Debug|x86.ActiveCfg = Debug|Win32
		{ADCF2661-5D6E-47B3-BC46-DC70D9836867}.Debug|x86.Build.0 = Debug|Win32
		{ADCF2661-5D6E-47B3-BC46-DC70D9836867}.Release|x64.ActiveCfg = Release|x64
		{ADCF2661-5D6E-47B3-BC46-DC70D9836867}.Release|x64.Build.0 = Release|x64
		{ADCF2661-5D6E-47B3-BC46-DC70D9836867}.Release|x86.ActiveCfg = Release|Win32
		{ADCF2661-5D6E-47B3-BC46-DC70D9836867}.Release|x86.Build.0 = Release|Win32
		{3B908C5D-6B64-47CA-A315-E291E5989411}.Debug|x64.ActiveCfg = Debug|x64
		{3B908C5D-6B64-47CA-A315-E291E5989411}.Debug|x64.Build.0 = Debug|x64
		{3B908C5D-6B64-47CA-A315-E291E5989411}.Debug|x86.ActiveCfg = Debug|Win32
		{3B908C5D-6B64-47CA-A315-E291E5989411}.Debug|x86.Build.0 = Debug|Win32
		{3B908C5D-6B64-47CA-A315-E291E5989411}.Release|x64.ActiveCfg = Release|x64
		{3B908C5D-6B64-47CA-A315-E291E5989411}.Release|x64.Build.0 = Release|x64
		{3B908C5D-6B64-47CA-A315-E291E5989411}.Release|x86.ActiveCfg = Release|Win32
		{3B908C5D-6B64-47CA-A315-E291E5989411}.Release|x86.Build.0 = Release|Win32
		{D50C3BB9-C719-434B-8387-26C14BAFF4B9}.Debug|x64.ActiveCfg = Debug|x64
		{D50C3BB9-C719-434B-8387-26C14BAFF4B9}.Debug|x64.Build.0 = Debug|x64
		{D50C3BB9-C719-434B-8387-26C14BAFF4B9}.Debug|x86.ActiveCfg = Debug|Win32
		{D50C3BB9-C719-434B-8387-26C14BAFF4B9}.Debug|x86.Build.0 = Debug|Win32
		{D50C3BB9-C719-434B-8387-26C14BAFF4B9}.Release|x64.ActiveCfg = Release|x64
		{D50C3BB9-C719-434B-8387-26C14BAFF4B9}.Release|x64.Build.0 = Release|x64
		{D50C3BB9-C719-434B-8387-26C14BAFF4B9}.Release|x86.ActiveCfg = Release|Win32
		{D50C3BB9-C719-434B-8387-26C14BAFF4B9}.Release|x86.Build.0 = Release|Win32
		{571F7302-3CBC-432B-949C-8A077979C996}.Debug|x64.ActiveCfg = Debug|x64
		{571F7302-3CBC-432B-949C-8A077979C996}.Debug|x64.Build.0 = Debug|x64
		{571F7302-3CBC-432B-949C-8A077979C996}.Debug|x86.ActiveCfg = Debug|Win32
		{571F7302-3CBC-432B-949C-8A077979C996}.Debug|x86.Build.0 = Debug|Win32
		{571F7302-3CBC-432B-949C-8A077979C996}.Release|x64.ActiveCfg = Release|x64
		{571F7302-3CBC-432B-949C-8A077979C996}.Release|x64.Build.0 = Release|x64
		{571F7302-3CBC-432B-949C-8A077979C996}.Release|x86.ActiveCfg = Release|Win32
		{571F7302-3CBC-432B-949C-8A077979C996}.Release|x86.Build.0 = Release|Win32
		{730551E4-95C6-4CA5-BB23-B1F3E740898D}.Debug|x64.ActiveCfg = Debug|x64
		{730551E4-95C6-4CA5-BB23-B1F3E740898D}.Debug|x64.Build.0 = Debug|x64
		{730551E4-95C6-4CA5-BB23-B1F3E740898D}.Debug|x86.ActiveCfg = Debug|Win32
		{730551E4-95C6-4CA5-BB23-B1F3E740898D}.Debug|x86.Build.0 = Debug|Win32
		{730551E4-95C6-4CA5-BB23-B1F3E740898D}.Release|x64.ActiveCfg = Release|x64
		{730551E4-95C6-4CA5-BB23-B1F3E740898D}.Release|x64.Build.0 = Release|x64
		{730551E4-95C6-4CA5-BB23-B1F3E740898D}.Release|x86.ActiveCfg = Release|Win32
		{730551E4-95C6-4CA5-BB23-B1F3E740898D}.Release|x86.Build.0 = Release|Win32
		{E198263A-AED7-4860-9DBA-CB0987C67B81}.Debug|x64.ActiveCfg = Debug|x64
		{E198263A-AED7-4860-9DBA-CB0987C67B81}.Debug|x64.Build.0 = Debug|x64
		{E198263A-AED7-4860-9DBA-CB0987C67B81}.Debug|x86.ActiveCfg = Debug|Win32
		{E198263A-AED7-4860-9DBA-CB0987C67B81}.Debug|x86.Build.0 = Debug|Win32
		{E198263A-AED7-4860-9DBA-CB0987C67B81}.Release|x64.ActiveCfg = Release|x64
		{E198263A-AED7-4860-9DBA-CB0987C67B81}.Release|x64.Build.0 = Release|x64
		{E198263A-AED7-4860-9DBA-CB0987C67B81}.Release|x86.ActiveCfg = Release|Win32
		{E198263A-AED7-4860-9DBA-CB0987C67B81}.Release|x86.Build.0 = Release|Win32
		{279870ED-81DD-4B5F-A71F-48A4670DC562}.Debug|x64.ActiveCfg = Debug|x64
		{279870ED-81DD-4B5F-A71F-48A4670DC562}.Debug|x64.Build.0 = Debug|x64
		{279870ED-81DD-4B5F-A71F-48A4670DC562}.Debug|x86.ActiveCfg = Debug|Win32
		{279870ED-81DD-4B5F-A71F-48A4670DC562}.Debug|x86.Build.0 = Debug|Win32
		{279870ED-81DD-4B5F-A71F-48A4670DC562}.Release|x64.ActiveCfg = Release|x64
		{279870ED-81DD-4B5F-A71F-48A4670DC562}.Release|x64.Build.0 = Release|x64
		{279870ED-81DD-4B5F-A71F-48A4670DC562}.Release|x86.ActiveCfg = Release|Win32
		{279870ED-81DD-4B5F-A71F-48A4670DC562}.Release|x86.Build.0 = Release|Win32
		{A2357E25-B066-439B-AE6E-4CD8E342A86C}.Debug|x64.ActiveCfg = Debug|x64
		{A2357E25-B066-439B-AE6E-4CD8E342A86C}.Debug|x64.Build.0 = Debug|x64
		{A2357E25-B066-439B-AE6E-4CD8E342A86C}.Debug|x86.ActiveCfg = Debug|Win32
		{A2357E25-B066-439B-AE6E-4CD8E342A86C}.Debug|x86.Build.0 = Debug|Win32
		{A2357E25-B066-439B-AE6E-4CD8E342A86C}.Release|x64.ActiveCfg = Release|x64
		{A2357E25-B066-439B-AE6E-4CD8E342A86C}.Release|x64.Build.0 = Release|x64
		{A2357E25-B066-439B-AE6E-4CD8E342A86C}.Release|x86.ActiveCfg = Release|Win32
		{A2357E25-B066-439B-AE6E-4CD8E342A86C}.Release|x86.Build.0 = Release|Win32
		{B8624046-770F-4EC5-A656-EA542E72B858}.Debug|x64.ActiveCfg = Debug|x64
		{B8624046-770F-4EC5-A656-EA542E72B858}.Debug|x64.Build.0 = Debug|x64
		{B8624046-770F-4EC5-A656-EA542E72B858}.Debug|x86.ActiveCfg = Debug|Win32
		{B8624046-770F-4EC5-A656-EA542E72B858}.Debug|x86.Build.0 = Debug|Win32
		{B8624046-770F-4EC5-A656-EA542E72B858}.Release|x64.ActiveCfg = Release|x64
		{B8624046-770F-4EC5-A656-EA542E72B858}.Release|x64.Build.0 = Release|x64
		{B8624046-770F-4EC5-A656-EA542E72B858}.Release|x86.ActiveCfg = Release|Win32
		{B8624046-770F-4EC5-A656-EA542E72B858}.Release|x86.Build.0 = Release|Win32
		{4E1AF272-B388-4730-B6DF-442A9BB01A3F}.Debug|x64.ActiveCfg = Debug|x64
		{4E1AF272-B388-4730-B6DF-442A9BB01A3F}.Debug|x64.Build.0 = Debug|x64
		{4E1AF272-B388-4730-B6DF-442A9BB01A3F}.Debug|x86.ActiveCfg = Debug|Win32
		{4E1AF272-B388-4730-B6DF-442A9BB01A3F}.Debug|x86.Build.0 = Debug|Win32
		{4E1AF272-B388-4730-B6DF-442A9BB01A3F}.Release|x64.ActiveCfg = Release|x64
		{4E1AF272-B388-4730-B6DF-442A9BB01A3F}.Release|x64.Build.0 = Release|x64
		{4E1AF272-B388-4730-B6DF-442A9BB01A3F}.Release|x86.ActiveCfg = Release|Win32
		{4E1AF272-B388-4730-B6DF-442A9BB01A3F}.Release|x86.Build.0 = Release|Win32
		{CFA6604D-ADB8-4CCB-BB0D-3A84D0DD8304}.Debug|x64.ActiveCfg = Debug|x64
		{CFA6604D-ADB8-4CCB-BB0D-3A84D0DD8304}.Debug|x64.Build.0 = Debug|x64
		{CFA6604D-ADB8-4CCB-BB0D-3A84D0DD8304}.Debug|x86.ActiveCfg = Debug|Win32
		{CFA6604D-ADB8-4CCB-BB0D-3A84D0DD8304}.Debug|x86.Build.0 = Debug|Win32
		{CFA6604D-ADB8-4CCB-BB0D-3A84D0DD8304}.Release|x64.ActiveCfg = Release|x64
		{CFA6604D-ADB8-4CCB-BB0D-3A84D0DD8304}.Release|x64.Build.0 = Release|x64
		{CFA6604D-ADB8-4CCB-BB0D-3A84D0DD8304}.Release|x86.ActiveCfg = Release|Win32
		{CFA6604D-ADB8-4CCB-BB0D-3A84D0DD8304}.Release|x86.Build.0 = Release|Win32
		{B84E6148-271C-4108-91C2-54261F39D696}.Debug|x64.ActiveCfg = Debug|x64
		{B84E6148-271C-4108-91C2-54261F39D696}.Debug|x64.Build.0 = Debug|x64
		{B84E6148-271C-4108-91C2-54261F39D696}.Debug|x86.ActiveCfg = Debug|Win32
		{B84E6148-271C-4108-91C2-54261F39D696}.Debug|x86.Build.0 = Debug|Win32
		{B84E6148-271C-4108-91C2-54261F39D696}.Release|x64.ActiveCfg = Release|x64
		{B84E6148-271C-4108-91C2-54261F39D696}.Release|x64.Build.0 = Release|x64
		{B84E6148-271C-4108-91C2-54261F39D696}.Release|x86.ActiveCfg = Release|Win32
		{B84E6148-271C-4108-91C2-54261F39D696}.Release|x86.Build.0 = Release|Win32
		{27AA82CB-EE39-4A57-B6A1-B470133699D0}.Debug|x64.ActiveCfg = Debug|x64
		{27AA82CB-EE39-4A57-B6A1-B470133699D0}.Debug|x64.Build.0 = Debug|x64
		{27AA82CB-EE39-4A57-B6A1-B470133699D0}.Debug|x86.ActiveCfg = Debug|Win32
		{27AA82CB-EE39-4A57-B6A1-B470133699D0}.Debug|x86.Build.0 = Debug|Win32
		{27AA82CB-EE39-4A57-B6A1-B470133699D0}.Release|x64.ActiveCfg = Release|x64
		{27AA82CB-EE39-4A57-B6A1-B470133699D0}.Release|x64.Build.0 = Release|x64
		{27AA82CB-EE39-4A57-B6A1-B470133699D0}.Release|x86.ActiveCfg = Release|Win32
		{27AA82CB-EE39-4A57-B6A1-B470133699D0}.Release|x86.Build.0 = Release|Win32
		{9515BB3B-2C62-464C-83BF-9C4EBD9D3E81}.Debug|x64.ActiveCfg = Debug|x64
		{9515BB3B-2C62-464C-83BF-9C4EBD9D3E81}.Debug|x64.Build.0 = Debug|x64
		{9515BB3B-2C62-464C-83BF-9C4EBD9D3E81}.Debug|x86.ActiveCfg = Debug|Win32
		{9515BB3B-2C62-464C-83BF-9C4EBD9D3E81}.Debug|x86.Build.0 = Debug|Win32
		{9515BB3B-2C62-464C-83BF-9C4EBD9D3E81}.Release|x64.ActiveCfg = Release|x64
		{9515BB3B-2C62-464C-83BF-9C4EBD9D3E81}.Release|x64.Build.0 = Release|x64
		{9515BB3B-2C62-464C-83BF-9C4EBD9D3E81}.Release|x86.ActiveCfg = Release|Win32
		{9515BB3B-2C62-464C-83BF-9C4EBD9D3E81}.Release|x86.Build.0 = Release|Win32
		{8655BCA4-DC92-42A8-9BF3-0559DE805E79}.Debug|x64.ActiveCfg = Debug|x64
		{8655BCA4-DC92-42A8-9BF3-0559DE805E79}.Debug|x64.Build.0 = Debug|x64
		{8655BCA4-DC92-42A8-9BF3-0559DE805E79}.Debug|x86.ActiveCfg = Debug|Win32
		{8655BCA4-DC92-42A8-9BF3-0559DE805E79}.Debug|x86.Build.0 = Debug|Win32
		{8655BCA4-DC92-42A8-9BF3-0559DE805E79}.Release|x64.ActiveCfg = Release|x64
		{8655BCA4-DC92-42A8-9BF3-0559DE805E79}.Release|x64.Build.0 = Release|x64
		{8655BCA4-DC92-42A8-9BF3-0559DE805E79}.Release|x86.ActiveCfg = Release|Win32
		{8655BCA4-DC92-42A8-9BF3-0559DE805E79}.Release|x86.Build.0 = Release|Win32
		{23D49591-9C77-429C-817D-AEB7F5FA25AF}.Debug|x64.ActiveCfg = Debug|x64
		{23D49591-9C77-429C-817D-AEB7F5FA25AF}.Debug|x64.Build.0 = Debug|x64
		{23D49591-9C77-429C-817D-AEB7F5FA25AF}.Debug|x86.ActiveCfg = Debug|Win32
		{23D49591-9C77-429C-817D-AEB7F5FA25AF}.Debug|x86.Build.0 = Debug|Win32
		{23D49591-9C77-429C-817D-AEB7F5FA25AF}.Release|x64.ActiveCfg = Release|x64
		{23D49591-9C77-429C-817D-AEB7F5FA25AF}.Release|x64.Build.0 = Release|x64
		{23D49591-9C77-429C-817D-AEB7F5FA25AF}.Release|x86.ActiveCfg = Release|Win32
		{23D49591-9C77-429C-817D-AEB7F5FA25AF}.Release|x86.Build.0 = Release|Win32
		{82D8411F-5CD0-49B2-B8A8-DC356E29EE07}.Debug|x64.ActiveCfg = Debug|x64
		{82D8411F-5CD0-49B2-B8A8-DC356E29EE07}.Debug|x64.Build.0 = Debug|x64
		{82D8411F-5CD0-49B2-B8A8-DC356E29EE07}.Debug|x86.ActiveCfg = Debug|Win32
		{82D8411F-5CD0-49B2-B8A8-DC356E29EE07}.Debug|x86.Build.0 = Debug|Win32
		{82D8411F-5CD0-49B2-B8A8-DC356E29EE07}.Release|x64.ActiveCfg = Release|x64
		{82D8411F-5CD0-49B2-B8A8-DC356E29EE07}.Release|x64.Build.0 = Release|x64
		{82D8411F-5CD0-49B2-B8A8-DC356E29EE07}.Release|x86.ActiveCfg = Release|Win32
		{82D8411F-5CD0-49B2-B8A8-DC356E29EE07}.Release|x86.Build.0 = Release|Win32
		{A0CE149E-A01F-4C24-B5DC-A834CD255ACF}.Debug|x64.ActiveCfg = Debug|x64
		{A0CE149E-A01F-4C24-B5DC-A834CD255ACF}.Debug|x64.Build.0 = Debug|x64
		{A0CE149E-A01F-4C24-B5DC-A834CD255ACF}.Debug|x86.ActiveCfg = Debug|Win32
		{A0CE149E-A01F-4C24-B5DC-A834CD255ACF}.Debug|x86.Build.0 = Debug|Win32
		{A0CE149E-A01F-4C24-B5DC-A834CD255ACF}.Release|x64.ActiveCfg = Release|x64
		{A0CE149E-A01F-4C24-B5DC-A834CD255ACF}.Release|x64.Build.0 = Release|x64
		{A0CE149E-A01F-4C24-B5DC-A834CD255ACF}.Release|x86.ActiveCfg = Release|Win32
		{A0CE149E-A01F-4C24-B5DC-A834CD255ACF}.Release|x86.Build.0 = Release|Win32
		{BE69B495-55A9-49DB-B13E-8BFB1B7EE463}.Debug|x64.ActiveCfg = Debug|x64
		{BE69B495-55A9-49DB-B13E-8BFB1B7EE463}.Debug|x64.Build.0 = Debug|x64
		{BE69B495-55A9-49DB-B13E-8BFB1B7EE463}.Debug|x86.ActiveCfg = Debug|Win32
		{BE69B495-55A9-49DB-B13E-8BFB1B7EE463}.Debug|x86.Build.0 = Debug|Win32
		{BE69B495-55A9-49DB-B13E-8BFB1B7EE463}.Release|x64.ActiveCfg = Release|x64
		{BE69B495-55A9-49DB-B13E-8BFB1B7EE463}.Release|x64.Build.0 = Release|x64
		{BE69B495-55A9-49DB-B13E-8BFB1B7EE463}.Release|x86.ActiveCfg = Release|Win32
		{BE69B495-55A9-49DB-B13E-8BFB1B7EE463}.Release|x86.Build.0 = Release|Win32
	EndGlobalSection
	GlobalSection(SolutionProperties) = preSolution
		HideSolutionNode = FALSE
	EndGlobalSection
	GlobalSection(ExtensibilityGlobals) = postSolution
		SolutionGuid = {EAFCB2CC-092C-417E-9776-E3EB291C71D3}
	EndGlobalSection
EndGlobal
